
Microsoft Visual Studio Solution File, Format Version 12.00
# Visual Studio Version 17
VisualStudioVersion = 17.10.35013.160
MinimumVisualStudioVersion = 10.0.40219.1
Project("{9A19103F-16F7-4668-BE54-9A1E7A4F7556}") = "TriviaMaster.Common", "TriviaMaster.Common\TriviaMaster.Common.csproj", "{C63F9ACC-3BB2-4051-AE96-1B15E41D33DD}"
EndProject
Project("{9A19103F-16F7-4668-BE54-9A1E7A4F7556}") = "TriviaMaster.Main", "TriviaMaster.Main\TriviaMaster.Main.csproj", "{D086B07E-277B-430E-B8B1-181550DC565E}"
EndProject
Global
	GlobalSection(SolutionConfigurationPlatforms) = preSolution
		Debug|Any CPU = Debug|Any CPU
		Release|Any CPU = Release|Any CPU
	EndGlobalSection
	GlobalSection(ProjectConfigurationPlatforms) = postSolution
		{C63F9ACC-3BB2-4051-AE96-1B15E41D33DD}.Debug|Any CPU.ActiveCfg = Debug|Any CPU
		{C63F9ACC-3BB2-4051-AE96-1B15E41D33DD}.Debug|Any CPU.Build.0 = Debug|Any CPU
		{C63F9ACC-3BB2-4051-AE96-1B15E41D33DD}.Release|Any CPU.ActiveCfg = Release|Any CPU
		{C63F9ACC-3BB2-4051-AE96-1B15E41D33DD}.Release|Any CPU.Build.0 = Release|Any CPU
		{D086B07E-277B-430E-B8B1-181550DC565E}.Debug|Any CPU.ActiveCfg = Debug|Any CPU
		{D086B07E-277B-430E-B8B1-181550DC565E}.Debug|Any CPU.Build.0 = Debug|Any CPU
		{D086B07E-277B-430E-B8B1-181550DC565E}.Release|Any CPU.ActiveCfg = Release|Any CPU
		{D086B07E-277B-430E-B8B1-181550DC565E}.Release|Any CPU.Build.0 = Release|Any CPU
	EndGlobalSection
	GlobalSection(SolutionProperties) = preSolution
		HideSolutionNode = FALSE
	EndGlobalSection
	GlobalSection(ExtensibilityGlobals) = postSolution
		SolutionGuid = {16896807-C3D7-4B55-8672-90ABBAD5EE45}
	EndGlobalSection
EndGlobal
